
Microsoft Visual Studio Solution File, Format Version 12.00
# Visual Studio 2015
Project("{FAE04EC0-301F-11D3-BF4B-00C04F79EFBC}") = "RallyHero.Plugins", "RallyHero.Plugins.csproj", "{E4094C3E-4C55-92D3-3D90-2E0D67EC66C7}"
EndProject
Project("{FAE04EC0-301F-11D3-BF4B-00C04F79EFBC}") = "RallyHero", "RallyHero.csproj", "{423F6B25-25EA-F13B-D597-5B1164350E3F}"
EndProject
Project("{FAE04EC0-301F-11D3-BF4B-00C04F79EFBC}") = "RallyHero.Editor.Plugins", "RallyHero.Editor.Plugins.csproj", "{672B78E3-A1EE-924D-4AB1-1F70D4D62445}"
EndProject
Global
	GlobalSection(SolutionConfigurationPlatforms) = preSolution
		Debug|Any CPU = Debug|Any CPU
		Release|Any CPU = Release|Any CPU
	EndGlobalSection
	GlobalSection(ProjectConfigurationPlatforms) = postSolution
		{E4094C3E-4C55-92D3-3D90-2E0D67EC66C7}.Debug|Any CPU.ActiveCfg = Debug|Any CPU
		{E4094C3E-4C55-92D3-3D90-2E0D67EC66C7}.Debug|Any CPU.Build.0 = Debug|Any CPU
		{E4094C3E-4C55-92D3-3D90-2E0D67EC66C7}.Release|Any CPU.ActiveCfg = Release|Any CPU
		{E4094C3E-4C55-92D3-3D90-2E0D67EC66C7}.Release|Any CPU.Build.0 = Release|Any CPU
		{423F6B25-25EA-F13B-D597-5B1164350E3F}.Debug|Any CPU.ActiveCfg = Debug|Any CPU
		{423F6B25-25EA-F13B-D597-5B1164350E3F}.Debug|Any CPU.Build.0 = Debug|Any CPU
		{423F6B25-25EA-F13B-D597-5B1164350E3F}.Release|Any CPU.ActiveCfg = Release|Any CPU
		{423F6B25-25EA-F13B-D597-5B1164350E3F}.Release|Any CPU.Build.0 = Release|Any CPU
		{672B78E3-A1EE-924D-4AB1-1F70D4D62445}.Debug|Any CPU.ActiveCfg = Debug|Any CPU
		{672B78E3-A1EE-924D-4AB1-1F70D4D62445}.Debug|Any CPU.Build.0 = Debug|Any CPU
		{672B78E3-A1EE-924D-4AB1-1F70D4D62445}.Release|Any CPU.ActiveCfg = Release|Any CPU
		{672B78E3-A1EE-924D-4AB1-1F70D4D62445}.Release|Any CPU.Build.0 = Release|Any CPU
	EndGlobalSection
	GlobalSection(SolutionProperties) = preSolution
		HideSolutionNode = FALSE
	EndGlobalSection
EndGlobal
